
Microsoft Visual Studio Solution File, Format Version 12.00
# Visual Studio Version 17
VisualStudioVersion = 17.14.37516.0
MinimumVisualStudioVersion = 10.0.40219.1
Project("{8BC9CEB8-8B4A-11D0-8D11-00A0C91BC942}") = "PacketStreamer_Core", "PacketStreamer_Core\PacketStreamer_Core.vcxproj", "{200CA99B-5911-4C1D-BE67-F1CE409F545E}"
EndProject
Project("{FAE04EC0-301F-11D3-BF4B-00C04F79EFBC}") = "PacketStreamer_Dashboard", "PacketStreamer_Dashboard\PacketStreamer_Dashboard.csproj", "{B38669D0-EF2B-430F-B717-6D736B769B79}"
EndProject
Global
	GlobalSection(SolutionConfigurationPlatforms) = preSolution
		Debug|Any CPU = Debug|Any CPU
		Debug|x64 = Debug|x64
		Debug|x86 = Debug|x86
		Release|Any CPU = Release|Any CPU
		Release|x64 = Release|x64
		Release|x86 = Release|x86
	EndGlobalSection
	GlobalSection(ProjectConfigurationPlatforms) = postSolution
		{200CA99B-5911-4C1D-BE67-F1CE409F545E}.Debug|Any CPU.ActiveCfg = Debug|x64
		{200CA99B-5911-4C1D-BE67-F1CE409F545E}.Debug|Any CPU.Build.0 = Debug|x64
		{200CA99B-5911-4C1D-BE67-F1CE409F545E}.Debug|x64.ActiveCfg = Debug|x64
		{200CA99B-5911-4C1D-BE67-F1CE409F545E}.Debug|x64.Build.0 = Debug|x64
		{200CA99B-5911-4C1D-BE67-F1CE409F545E}.Debug|x86.ActiveCfg = Debug|Win32
		{200CA99B-5911-4C1D-BE67-F1CE409F545E}.Debug|x86.Build.0 = Debug|Win32
		{200CA99B-5911-4C1D-BE67-F1CE409F545E}.Release|Any CPU.ActiveCfg = Release|x64
		{200CA99B-5911-4C1D-BE67-F1CE409F545E}.Release|Any CPU.Build.0 = Release|x64
		{200CA99B-5911-4C1D-BE67-F1CE409F545E}.Release|x64.ActiveCfg = Release|x64
		{200CA99B-5911-4C1D-BE67-F1CE409F545E}.Release|x64.Build.0 = Release|x64
		{200CA99B-5911-4C1D-BE67-F1CE409F545E}.Release|x86.ActiveCfg = Release|Win32
		{200CA99B-5911-4C1D-BE67-F1CE409F545E}.Release|x86.Build.0 = Release|Win32
		{B38669D0-EF2B-430F-B717-6D736B769B79}.Debug|Any CPU.ActiveCfg = Debug|Any CPU
		{B38669D0-EF2B-430F-B717-6D736B769B79}.Debug|Any CPU.Build.0 = Debug|Any CPU
		{B38669D0-EF2B-430F-B717-6D736B769B79}.Debug|x64.ActiveCfg = Debug|x64
		{B38669D0-EF2B-430F-B717-6D736B769B79}.Debug|x64.Build.0 = Debug|x64
		{B38669D0-EF2B-430F-B717-6D736B769B79}.Debug|x86.ActiveCfg = Debug|Any CPU
		{B38669D0-EF2B-430F-B717-6D736B769B79}.Debug|x86.Build.0 = Debug|Any CPU
		{B38669D0-EF2B-430F-B717-6D736B769B79}.Release|Any CPU.ActiveCfg = Release|Any CPU
		{B38669D0-EF2B-430F-B717-6D736B769B79}.Release|Any CPU.Build.0 = Release|Any CPU
		{B38669D0-EF2B-430F-B717-6D736B769B79}.Release|x64.ActiveCfg = Release|x64
		{B38669D0-EF2B-430F-B717-6D736B769B79}.Release|x64.Build.0 = Release|x64
		{B38669D0-EF2B-430F-B717-6D736B769B79}.Release|x86.ActiveCfg = Release|Any CPU
		{B38669D0-EF2B-430F-B717-6D736B769B79}.Release|x86.Build.0 = Release|Any CPU
	EndGlobalSection
	GlobalSection(SolutionProperties) = preSolution
		HideSolutionNode = FALSE
	EndGlobalSection
	GlobalSection(ExtensibilityGlobals) = postSolution
		SolutionGuid = {03E9BA54-FB77-444F-836B-9AF64D4FA55C}
	EndGlobalSection
EndGlobal
